
Microsoft Visual Studio Solution File, Format Version 12.00
# Visual Studio Version 17
VisualStudioVersion = 17.4.33122.133
MinimumVisualStudioVersion = 10.0.40219.1
Project("{FAE04EC0-301F-11D3-BF4B-00C04F79EFBC}") = "Pizzaria", "Pizzaria\Pizzaria.csproj", "{268F7DE6-071E-4A76-982E-514A879D5B5F}"
EndProject
Global
	GlobalSection(SolutionConfigurationPlatforms) = preSolution
		Debug|Any CPU = Debug|Any CPU
		Release|Any CPU = Release|Any CPU
	EndGlobalSection
	GlobalSection(ProjectConfigurationPlatforms) = postSolution
		{268F7DE6-071E-4A76-982E-514A879D5B5F}.Debug|Any CPU.ActiveCfg = Debug|Any CPU
		{268F7DE6-071E-4A76-982E-514A879D5B5F}.Debug|Any CPU.Build.0 = Debug|Any CPU
		{268F7DE6-071E-4A76-982E-514A879D5B5F}.Release|Any CPU.ActiveCfg = Release|Any CPU
		{268F7DE6-071E-4A76-982E-514A879D5B5F}.Release|Any CPU.Build.0 = Release|Any CPU
	EndGlobalSection
	GlobalSection(SolutionProperties) = preSolution
		HideSolutionNode = FALSE
	EndGlobalSection
	GlobalSection(ExtensibilityGlobals) = postSolution
		SolutionGuid = {D6317F01-36B6-4B0F-8ED0-92D4451020BE}
	EndGlobalSection
EndGlobal
